
Microsoft Visual Studio Solution File, Format Version 12.00
# Visual Studio Version 17
VisualStudioVersion = 17.11.35312.102
MinimumVisualStudioVersion = 10.0.40219.1
Project("{FAE04EC0-301F-11D3-BF4B-00C04F79EFBC}") = "ArchivoComoBaseDeDatosOptimizado", "ArchivoComoBaseDeDatosOptimizado\ArchivoComoBaseDeDatosOptimizado.csproj", "{4D5558A6-794D-4A88-8053-51D0D7A631AD}"
EndProject
Global
	GlobalSection(SolutionConfigurationPlatforms) = preSolution
		Debug|Any CPU = Debug|Any CPU
		Release|Any CPU = Release|Any CPU
	EndGlobalSection
	GlobalSection(ProjectConfigurationPlatforms) = postSolution
		{4D5558A6-794D-4A88-8053-51D0D7A631AD}.Debug|Any CPU.ActiveCfg = Debug|Any CPU
		{4D5558A6-794D-4A88-8053-51D0D7A631AD}.Debug|Any CPU.Build.0 = Debug|Any CPU
		{4D5558A6-794D-4A88-8053-51D0D7A631AD}.Release|Any CPU.ActiveCfg = Release|Any CPU
		{4D5558A6-794D-4A88-8053-51D0D7A631AD}.Release|Any CPU.Build.0 = Release|Any CPU
	EndGlobalSection
	GlobalSection(SolutionProperties) = preSolution
		HideSolutionNode = FALSE
	EndGlobalSection
	GlobalSection(ExtensibilityGlobals) = postSolution
		SolutionGuid = {1E211D99-1A32-4157-B3BB-1A0438779F4A}
	EndGlobalSection
EndGlobal
